
Microsoft Visual Studio Solution File, Format Version 12.00
# Visual Studio Version 16
VisualStudioVersion = 16.0.30907.101
MinimumVisualStudioVersion = 10.0.40219.1
Project("{FAE04EC0-301F-11D3-BF4B-00C04F79EFBC}") = "foremny.App01", "foremny.App01\foremny.App01.csproj", "{A50C96F9-C899-4F42-A324-776610E08168}"
EndProject
Global
	GlobalSection(SolutionConfigurationPlatforms) = preSolution
		Debug|Any CPU = Debug|Any CPU
		Release|Any CPU = Release|Any CPU
	EndGlobalSection
	GlobalSection(ProjectConfigurationPlatforms) = postSolution
		{A50C96F9-C899-4F42-A324-776610E08168}.Debug|Any CPU.ActiveCfg = Debug|Any CPU
		{A50C96F9-C899-4F42-A324-776610E08168}.Debug|Any CPU.Build.0 = Debug|Any CPU
		{A50C96F9-C899-4F42-A324-776610E08168}.Release|Any CPU.ActiveCfg = Release|Any CPU
		{A50C96F9-C899-4F42-A324-776610E08168}.Release|Any CPU.Build.0 = Release|Any CPU
	EndGlobalSection
	GlobalSection(SolutionProperties) = preSolution
		HideSolutionNode = FALSE
	EndGlobalSection
	GlobalSection(ExtensibilityGlobals) = postSolution
		SolutionGuid = {B14075A2-0F12-4537-9997-36911DEE9D81}
	EndGlobalSection
EndGlobal
